
Microsoft Visual Studio Solution File, Format Version 12.00
# Visual Studio Version 17
VisualStudioVersion = 17.14.37614.0 d17.14
MinimumVisualStudioVersion = 10.0.40219.1
Project("{FAE04EC0-301F-11D3-BF4B-00C04F79EFBC}") = "BlazorApp1", "BlazorApp1\BlazorApp1.csproj", "{9099E443-239A-43B8-AEA1-768DB9302163}"
EndProject
Global
	GlobalSection(SolutionConfigurationPlatforms) = preSolution
		Debug|Any CPU = Debug|Any CPU
		Release|Any CPU = Release|Any CPU
	EndGlobalSection
	GlobalSection(ProjectConfigurationPlatforms) = postSolution
		{9099E443-239A-43B8-AEA1-768DB9302163}.Debug|Any CPU.ActiveCfg = Debug|Any CPU
		{9099E443-239A-43B8-AEA1-768DB9302163}.Debug|Any CPU.Build.0 = Debug|Any CPU
		{9099E443-239A-43B8-AEA1-768DB9302163}.Release|Any CPU.ActiveCfg = Release|Any CPU
		{9099E443-239A-43B8-AEA1-768DB9302163}.Release|Any CPU.Build.0 = Release|Any CPU
	EndGlobalSection
	GlobalSection(SolutionProperties) = preSolution
		HideSolutionNode = FALSE
	EndGlobalSection
	GlobalSection(ExtensibilityGlobals) = postSolution
		SolutionGuid = {A7BC4823-88A3-4F8C-8548-82C6B9822C6A}
	EndGlobalSection
EndGlobal
